// !$*UTF8*$!
{
	archiveVersion = 1;
	classes = {
	};
	objectVersion = 50;
	objects = {

/* Begin PBXBuildFile section */
		20CE9B902283F7C3007E8E39 /* AppDelegate.m in Sources */ = {isa = PBXBuildFile; fileRef = 20CE9B8F2283F7C3007E8E39 /* AppDelegate.m */; };
		20CE9B932283F7C3007E8E39 /* ViewController.m in Sources */ = {isa = PBXBuildFile; fileRef = 20CE9B922283F7C3007E8E39 /* ViewController.m */; };
		20CE9B962283F7C3007E8E39 /* Main.storyboard in Resources */ = {isa = PBXBuildFile; fileRef = 20CE9B942283F7C3007E8E39 /* Main.storyboard */; };
		20CE9B982283F7C4007E8E39 /* Assets.xcassets in Resources */ = {isa = PBXBuildFile; fileRef = 20CE9B972283F7C4007E8E39 /* Assets.xcassets */; };
		20CE9B9B2283F7C4007E8E39 /* LaunchScreen.storyboard in Resources */ = {isa = PBXBuildFile; fileRef = 20CE9B992283F7C4007E8E39 /* LaunchScreen.storyboard */; };
		20CE9B9E2283F7C4007E8E39 /* main.m in Sources */ = {isa = PBXBuildFile; fileRef = 20CE9B9D2283F7C4007E8E39 /* main.m */; };
		20CE9BA82283F7C4007E8E39 /* Tutorial02Tests.m in Sources */ = {isa = PBXBuildFile; fileRef = 20CE9BA72283F7C4007E8E39 /* Tutorial02Tests.m */; };
		20CE9BB32283F7C4007E8E39 /* Tutorial02UITests.m in Sources */ = {isa = PBXBuildFile; fileRef = 20CE9BB22283F7C4007E8E39 /* Tutorial02UITests.m */; };
		20CE9BC22283F8E9007E8E39 /* libz.tbd in Frameworks */ = {isa = PBXBuildFile; fileRef = 20CE9BC12283F8E8007E8E39 /* libz.tbd */; };
		20CE9BC42283F8F1007E8E39 /* libbz2.tbd in Frameworks */ = {isa = PBXBuildFile; fileRef = 20CE9BC32283F8F1007E8E39 /* libbz2.tbd */; };
		20CE9BC62283F8FA007E8E39 /* AudioToolbox.framework in Frameworks */ = {isa = PBXBuildFile; fileRef = 20CE9BC52283F8FA007E8E39 /* AudioToolbox.framework */; };
		20CE9BC82283F903007E8E39 /* CoreMedia.framework in Frameworks */ = {isa = PBXBuildFile; fileRef = 20CE9BC72283F903007E8E39 /* CoreMedia.framework */; };
		20CE9BCA2283F90C007E8E39 /* VideoToolbox.framework in Frameworks */ = {isa = PBXBuildFile; fileRef = 20CE9BC92283F90C007E8E39 /* VideoToolbox.framework */; };
		20CE9BCC2283F914007E8E39 /* AVFoundation.framework in Frameworks */ = {isa = PBXBuildFile; fileRef = 20CE9BCB2283F913007E8E39 /* AVFoundation.framework */; };
		20CE9BCE2283F926007E8E39 /* libiconv.tbd in Frameworks */ = {isa = PBXBuildFile; fileRef = 20CE9BCD2283F926007E8E39 /* libiconv.tbd */; };
		20CE9BDB2283F971007E8E39 /* libfdk-aac.a in Frameworks */ = {isa = PBXBuildFile; fileRef = 20CE9BCF2283F971007E8E39 /* libfdk-aac.a */; };
		20CE9BDC2283F971007E8E39 /* libavresample.a in Frameworks */ = {isa = PBXBuildFile; fileRef = 20CE9BD02283F971007E8E39 /* libavresample.a */; };
		20CE9BDD2283F971007E8E39 /* libswscale.a in Frameworks */ = {isa = PBXBuildFile; fileRef = 20CE9BD12283F971007E8E39 /* libswscale.a */; };
		20CE9BDE2283F971007E8E39 /* libavutil.a in Frameworks */ = {isa = PBXBuildFile; fileRef = 20CE9BD22283F971007E8E39 /* libavutil.a */; };
		20CE9BDF2283F971007E8E39 /* libavdevice.a in Frameworks */ = {isa = PBXBuildFile; fileRef = 20CE9BD32283F971007E8E39 /* libavdevice.a */; };
		20CE9BE02283F971007E8E39 /* libmp3lame.a in Frameworks */ = {isa = PBXBuildFile; fileRef = 20CE9BD42283F971007E8E39 /* libmp3lame.a */; };
		20CE9BE12283F971007E8E39 /* libswresample.a in Frameworks */ = {isa = PBXBuildFile; fileRef = 20CE9BD52283F971007E8E39 /* libswresample.a */; };
		20CE9BE22283F971007E8E39 /* libavcodec.a in Frameworks */ = {isa = PBXBuildFile; fileRef = 20CE9BD62283F971007E8E39 /* libavcodec.a */; };
		20CE9BE32283F971007E8E39 /* libpostproc.a in Frameworks */ = {isa = PBXBuildFile; fileRef = 20CE9BD72283F971007E8E39 /* libpostproc.a */; };
		20CE9BE42283F972007E8E39 /* libx264.a in Frameworks */ = {isa = PBXBuildFile; fileRef = 20CE9BD82283F971007E8E39 /* libx264.a */; };
		20CE9BE52283F972007E8E39 /* libavformat.a in Frameworks */ = {isa = PBXBuildFile; fileRef = 20CE9BD92283F971007E8E39 /* libavformat.a */; };
		20CE9BE62283F972007E8E39 /* libavfilter.a in Frameworks */ = {isa = PBXBuildFile; fileRef = 20CE9BDA2283F971007E8E39 /* libavfilter.a */; };
		20CE9BE822840AEC007E8E39 /* sintel.mov in Resources */ = {isa = PBXBuildFile; fileRef = 20CE9BE722840AEC007E8E39 /* sintel.mov */; };
/* End PBXBuildFile section */

/* Begin PBXContainerItemProxy section */
		20CE9BA42283F7C4007E8E39 /* PBXContainerItemProxy */ = {
			isa = PBXContainerItemProxy;
			containerPortal = 20CE9B832283F7C3007E8E39 /* Project object */;
			proxyType = 1;
			remoteGlobalIDString = 20CE9B8A2283F7C3007E8E39;
			remoteInfo = Tutorial02;
		};
		20CE9BAF2283F7C4007E8E39 /* PBXContainerItemProxy */ = {
			isa = PBXContainerItemProxy;
			containerPortal = 20CE9B832283F7C3007E8E39 /* Project object */;
			proxyType = 1;
			remoteGlobalIDString = 20CE9B8A2283F7C3007E8E39;
			remoteInfo = Tutorial02;
		};
/* End PBXContainerItemProxy section */

/* Begin PBXFileReference section */
		20CE9B8B2283F7C3007E8E39 /* Tutorial02.app */ = {isa = PBXFileReference; explicitFileType = wrapper.application; includeInIndex = 0; path = Tutorial02.app; sourceTree = BUILT_PRODUCTS_DIR; };
		20CE9B8E2283F7C3007E8E39 /* AppDelegate.h */ = {isa = PBXFileReference; lastKnownFileType = sourcecode.c.h; path = AppDelegate.h; sourceTree = "<group>"; };
		20CE9B8F2283F7C3007E8E39 /* AppDelegate.m */ = {isa = PBXFileReference; lastKnownFileType = sourcecode.c.objc; path = AppDelegate.m; sourceTree = "<group>"; };
		20CE9B912283F7C3007E8E39 /* ViewController.h */ = {isa = PBXFileReference; lastKnownFileType = sourcecode.c.h; path = ViewController.h; sourceTree = "<group>"; };
		20CE9B922283F7C3007E8E39 /* ViewController.m */ = {isa = PBXFileReference; lastKnownFileType = sourcecode.c.objc; path = ViewController.m; sourceTree = "<group>"; };
		20CE9B952283F7C3007E8E39 /* Base */ = {isa = PBXFileReference; lastKnownFileType = file.storyboard; name = Base; path = Base.lproj/Main.storyboard; sourceTree = "<group>"; };
		20CE9B972283F7C4007E8E39 /* Assets.xcassets */ = {isa = PBXFileReference; lastKnownFileType = folder.assetcatalog; path = Assets.xcassets; sourceTree = "<group>"; };
		20CE9B9A2283F7C4007E8E39 /* Base */ = {isa = PBXFileReference; lastKnownFileType = file.storyboard; name = Base; path = Base.lproj/LaunchScreen.storyboard; sourceTree = "<group>"; };
		20CE9B9C2283F7C4007E8E39 /* Info.plist */ = {isa = PBXFileReference; lastKnownFileType = text.plist.xml; path = Info.plist; sourceTree = "<group>"; };
		20CE9B9D2283F7C4007E8E39 /* main.m */ = {isa = PBXFileReference; lastKnownFileType = sourcecode.c.objc; path = main.m; sourceTree = "<group>"; };
		20CE9BA32283F7C4007E8E39 /* Tutorial02Tests.xctest */ = {isa = PBXFileReference; explicitFileType = wrapper.cfbundle; includeInIndex = 0; path = Tutorial02Tests.xctest; sourceTree = BUILT_PRODUCTS_DIR; };
		20CE9BA72283F7C4007E8E39 /* Tutorial02Tests.m */ = {isa = PBXFileReference; lastKnownFileType = sourcecode.c.objc; path = Tutorial02Tests.m; sourceTree = "<group>"; };
		20CE9BA92283F7C4007E8E39 /* Info.plist */ = {isa = PBXFileReference; lastKnownFileType = text.plist.xml; path = Info.plist; sourceTree = "<group>"; };
		20CE9BAE2283F7C4007E8E39 /* Tutorial02UITests.xctest */ = {isa = PBXFileReference; explicitFileType = wrapper.cfbundle; includeInIndex = 0; path = Tutorial02UITests.xctest; sourceTree = BUILT_PRODUCTS_DIR; };
		20CE9BB22283F7C4007E8E39 /* Tutorial02UITests.m */ = {isa = PBXFileReference; lastKnownFileType = sourcecode.c.objc; path = Tutorial02UITests.m; sourceTree = "<group>"; };
		20CE9BB42283F7C4007E8E39 /* Info.plist */ = {isa = PBXFileReference; lastKnownFileType = text.plist.xml; path = Info.plist; sourceTree = "<group>"; };
		20CE9BC12283F8E8007E8E39 /* libz.tbd */ = {isa = PBXFileReference; lastKnownFileType = "sourcecode.text-based-dylib-definition"; name = libz.tbd; path = usr/lib/libz.tbd; sourceTree = SDKROOT; };
		20CE9BC32283F8F1007E8E39 /* libbz2.tbd */ = {isa = PBXFileReference; lastKnownFileType = "sourcecode.text-based-dylib-definition"; name = libbz2.tbd; path = usr/lib/libbz2.tbd; sourceTree = SDKROOT; };
		20CE9BC52283F8FA007E8E39 /* AudioToolbox.framework */ = {isa = PBXFileReference; lastKnownFileType = wrapper.framework; name = AudioToolbox.framework; path = System/Library/Frameworks/AudioToolbox.framework; sourceTree = SDKROOT; };
		20CE9BC72283F903007E8E39 /* CoreMedia.framework */ = {isa = PBXFileReference; lastKnownFileType = wrapper.framework; name = CoreMedia.framework; path = System/Library/Frameworks/CoreMedia.framework; sourceTree = SDKROOT; };
		20CE9BC92283F90C007E8E39 /* VideoToolbox.framework */ = {isa = PBXFileReference; lastKnownFileType = wrapper.framework; name = VideoToolbox.framework; path = System/Library/Frameworks/VideoToolbox.framework; sourceTree = SDKROOT; };
		20CE9BCB2283F913007E8E39 /* AVFoundation.framework */ = {isa = PBXFileReference; lastKnownFileType = wrapper.framework; name = AVFoundation.framework; path = System/Library/Frameworks/AVFoundation.framework; sourceTree = SDKROOT; };
		20CE9BCD2283F926007E8E39 /* libiconv.tbd */ = {isa = PBXFileReference; lastKnownFileType = "sourcecode.text-based-dylib-definition"; name = libiconv.tbd; path = usr/lib/libiconv.tbd; sourceTree = SDKROOT; };
		20CE9BCF2283F971007E8E39 /* libfdk-aac.a */ = {isa = PBXFileReference; lastKnownFileType = archive.ar; name = "libfdk-aac.a"; path = "../../../FFmpeg-iOS/lib/libfdk-aac.a"; sourceTree = "<group>"; };
		20CE9BD02283F971007E8E39 /* libavresample.a */ = {isa = PBXFileReference; lastKnownFileType = archive.ar; name = libavresample.a; path = "../../../FFmpeg-iOS/lib/libavresample.a"; sourceTree = "<group>"; };
		20CE9BD12283F971007E8E39 /* libswscale.a */ = {isa = PBXFileReference; lastKnownFileType = archive.ar; name = libswscale.a; path = "../../../FFmpeg-iOS/lib/libswscale.a"; sourceTree = "<group>"; };
		20CE9BD22283F971007E8E39 /* libavutil.a */ = {isa = PBXFileReference; lastKnownFileType = archive.ar; name = libavutil.a; path = "../../../FFmpeg-iOS/lib/libavutil.a"; sourceTree = "<group>"; };
		20CE9BD32283F971007E8E39 /* libavdevice.a */ = {isa = PBXFileReference; lastKnownFileType = archive.ar; name = libavdevice.a; path = "../../../FFmpeg-iOS/lib/libavdevice.a"; sourceTree = "<group>"; };
		20CE9BD42283F971007E8E39 /* libmp3lame.a */ = {isa = PBXFileReference; lastKnownFileType = archive.ar; name = libmp3lame.a; path = "../../../FFmpeg-iOS/lib/libmp3lame.a"; sourceTree = "<group>"; };
		20CE9BD52283F971007E8E39 /* libswresample.a */ = {isa = PBXFileReference; lastKnownFileType = archive.ar; name = libswresample.a; path = "../../../FFmpeg-iOS/lib/libswresample.a"; sourceTree = "<group>"; };
		20CE9BD62283F971007E8E39 /* libavcodec.a */ = {isa = PBXFileReference; lastKnownFileType = archive.ar; name = libavcodec.a; path = "../../../FFmpeg-iOS/lib/libavcodec.a"; sourceTree = "<group>"; };
		20CE9BD72283F971007E8E39 /* libpostproc.a */ = {isa = PBXFileReference; lastKnownFileType = archive.ar; name = libpostproc.a; path = "../../../FFmpeg-iOS/lib/libpostproc.a"; sourceTree = "<group>"; };
		20CE9BD82283F971007E8E39 /* libx264.a */ = {isa = PBXFileReference; lastKnownFileType = archive.ar; name = libx264.a; path = "../../../FFmpeg-iOS/lib/libx264.a"; sourceTree = "<group>"; };
		20CE9BD92283F971007E8E39 /* libavformat.a */ = {isa = PBXFileReference; lastKnownFileType = archive.ar; name = libavformat.a; path = "../../../FFmpeg-iOS/lib/libavformat.a"; sourceTree = "<group>"; };
		20CE9BDA2283F971007E8E39 /* libavfilter.a */ = {isa = PBXFileReference; lastKnownFileType = archive.ar; name = libavfilter.a; path = "../../../FFmpeg-iOS/lib/libavfilter.a"; sourceTree = "<group>"; };
		20CE9BE722840AEC007E8E39 /* sintel.mov */ = {isa = PBXFileReference; lastKnownFileType = video.quicktime; path = sintel.mov; sourceTree = "<group>"; };
/* End PBXFileReference section */

/* Begin PBXFrameworksBuildPhase section */
		20CE9B882283F7C3007E8E39 /* Frameworks */ = {
			isa = PBXFrameworksBuildPhase;
			buildActionMask = 2147483647;
			files = (
				20CE9BDB2283F971007E8E39 /* libfdk-aac.a in Frameworks */,
				20CE9BDC2283F971007E8E39 /* libavresample.a in Frameworks */,
				20CE9BDD2283F971007E8E39 /* libswscale.a in Frameworks */,
				20CE9BDE2283F971007E8E39 /* libavutil.a in Frameworks */,
				20CE9BDF2283F971007E8E39 /* libavdevice.a in Frameworks */,
				20CE9BE02283F971007E8E39 /* libmp3lame.a in Frameworks */,
				20CE9BE12283F971007E8E39 /* libswresample.a in Frameworks */,
				20CE9BE22283F971007E8E39 /* libavcodec.a in Frameworks */,
				20CE9BE32283F971007E8E39 /* libpostproc.a in Frameworks */,
				20CE9BE42283F972007E8E39 /* libx264.a in Frameworks */,
				20CE9BE52283F972007E8E39 /* libavformat.a in Frameworks */,
				20CE9BE62283F972007E8E39 /* libavfilter.a in Frameworks */,
				20CE9BCE2283F926007E8E39 /* libiconv.tbd in Frameworks */,
				20CE9BCC2283F914007E8E39 /* AVFoundation.framework in Frameworks */,
				20CE9BCA2283F90C007E8E39 /* VideoToolbox.framework in Frameworks */,
				20CE9BC82283F903007E8E39 /* CoreMedia.framework in Frameworks */,
				20CE9BC62283F8FA007E8E39 /* AudioToolbox.framework in Frameworks */,
				20CE9BC42283F8F1007E8E39 /* libbz2.tbd in Frameworks */,
				20CE9BC22283F8E9007E8E39 /* libz.tbd in Frameworks */,
			);
			runOnlyForDeploymentPostprocessing = 0;
		};
		20CE9BA02283F7C4007E8E39 /* Frameworks */ = {
			isa = PBXFrameworksBuildPhase;
			buildActionMask = 2147483647;
			files = (
			);
			runOnlyForDeploymentPostprocessing = 0;
		};
		20CE9BAB2283F7C4007E8E39 /* Frameworks */ = {
			isa = PBXFrameworksBuildPhase;
			buildActionMask = 2147483647;
			files = (
			);
			runOnlyForDeploymentPostprocessing = 0;
		};
/* End PBXFrameworksBuildPhase section */

/* Begin PBXGroup section */
		20CE9B822283F7C3007E8E39 = {
			isa = PBXGroup;
			children = (
				20CE9B8D2283F7C3007E8E39 /* Tutorial02 */,
				20CE9BA62283F7C4007E8E39 /* Tutorial02Tests */,
				20CE9BB12283F7C4007E8E39 /* Tutorial02UITests */,
				20CE9B8C2283F7C3007E8E39 /* Products */,
				20CE9BC02283F8E8007E8E39 /* Frameworks */,
			);
			sourceTree = "<group>";
		};
		20CE9B8C2283F7C3007E8E39 /* Products */ = {
			isa = PBXGroup;
			children = (
				20CE9B8B2283F7C3007E8E39 /* Tutorial02.app */,
				20CE9BA32283F7C4007E8E39 /* Tutorial02Tests.xctest */,
				20CE9BAE2283F7C4007E8E39 /* Tutorial02UITests.xctest */,
			);
			name = Products;
			sourceTree = "<group>";
		};
		20CE9B8D2283F7C3007E8E39 /* Tutorial02 */ = {
			isa = PBXGroup;
			children = (
				20CE9B8E2283F7C3007E8E39 /* AppDelegate.h */,
				20CE9B8F2283F7C3007E8E39 /* AppDelegate.m */,
				20CE9B912283F7C3007E8E39 /* ViewController.h */,
				20CE9B922283F7C3007E8E39 /* ViewController.m */,
				20CE9BE722840AEC007E8E39 /* sintel.mov */,
				20CE9B942283F7C3007E8E39 /* Main.storyboard */,
				20CE9B972283F7C4007E8E39 /* Assets.xcassets */,
				20CE9B992283F7C4007E8E39 /* LaunchScreen.storyboard */,
				20CE9B9C2283F7C4007E8E39 /* Info.plist */,
				20CE9B9D2283F7C4007E8E39 /* main.m */,
			);
			path = Tutorial02;
			sourceTree = "<group>";
		};
		20CE9BA62283F7C4007E8E39 /* Tutorial02Tests */ = {
			isa = PBXGroup;
			children = (
				20CE9BA72283F7C4007E8E39 /* Tutorial02Tests.m */,
				20CE9BA92283F7C4007E8E39 /* Info.plist */,
			);
			path = Tutorial02Tests;
			sourceTree = "<group>";
		};
		20CE9BB12283F7C4007E8E39 /* Tutorial02UITests */ = {
			isa = PBXGroup;
			children = (
				20CE9BB22283F7C4007E8E39 /* Tutorial02UITests.m */,
				20CE9BB42283F7C4007E8E39 /* Info.plist */,
			);
			path = Tutorial02UITests;
			sourceTree = "<group>";
		};
		20CE9BC02283F8E8007E8E39 /* Frameworks */ = {
			isa = PBXGroup;
			children = (
				20CE9BD62283F971007E8E39 /* libavcodec.a */,
				20CE9BD32283F971007E8E39 /* libavdevice.a */,
				20CE9BDA2283F971007E8E39 /* libavfilter.a */,
				20CE9BD92283F971007E8E39 /* libavformat.a */,
				20CE9BD02283F971007E8E39 /* libavresample.a */,
				20CE9BD22283F971007E8E39 /* libavutil.a */,
				20CE9BCF2283F971007E8E39 /* libfdk-aac.a */,
				20CE9BD42283F971007E8E39 /* libmp3lame.a */,
				20CE9BD72283F971007E8E39 /* libpostproc.a */,
				20CE9BD52283F971007E8E39 /* libswresample.a */,
				20CE9BD12283F971007E8E39 /* libswscale.a */,
				20CE9BD82283F971007E8E39 /* libx264.a */,
				20CE9BCD2283F926007E8E39 /* libiconv.tbd */,
				20CE9BCB2283F913007E8E39 /* AVFoundation.framework */,
				20CE9BC92283F90C007E8E39 /* VideoToolbox.framework */,
				20CE9BC72283F903007E8E39 /* CoreMedia.framework */,
				20CE9BC52283F8FA007E8E39 /* AudioToolbox.framework */,
				20CE9BC32283F8F1007E8E39 /* libbz2.tbd */,
				20CE9BC12283F8E8007E8E39 /* libz.tbd */,
			);
			name = Frameworks;
			sourceTree = "<group>";
		};
/* End PBXGroup section */

/* Begin PBXNativeTarget section */
		20CE9B8A2283F7C3007E8E39 /* Tutorial02 */ = {
			isa = PBXNativeTarget;
			buildConfigurationList = 20CE9BB72283F7C4007E8E39 /* Build configuration list for PBXNativeTarget "Tutorial02" */;
			buildPhases = (
				20CE9B872283F7C3007E8E39 /* Sources */,
				20CE9B882283F7C3007E8E39 /* Frameworks */,
				20CE9B892283F7C3007E8E39 /* Resources */,
			);
			buildRules = (
			);
			dependencies = (
			);
			name = Tutorial02;
			productName = Tutorial02;
			productReference = 20CE9B8B2283F7C3007E8E39 /* Tutorial02.app */;
			productType = "com.apple.product-type.application";
		};
		20CE9BA22283F7C4007E8E39 /* Tutorial02Tests */ = {
			isa = PBXNativeTarget;
			buildConfigurationList = 20CE9BBA2283F7C4007E8E39 /* Build configuration list for PBXNativeTarget "Tutorial02Tests" */;
			buildPhases = (
				20CE9B9F2283F7C4007E8E39 /* Sources */,
				20CE9BA02283F7C4007E8E39 /* Frameworks */,
				20CE9BA12283F7C4007E8E39 /* Resources */,
			);
			buildRules = (
			);
			dependencies = (
				20CE9BA52283F7C4007E8E39 /* PBXTargetDependency */,
			);
			name = Tutorial02Tests;
			productName = Tutorial02Tests;
			productReference = 20CE9BA32283F7C4007E8E39 /* Tutorial02Tests.xctest */;
			productType = "com.apple.product-type.bundle.unit-test";
		};
		20CE9BAD2283F7C4007E8E39 /* Tutorial02UITests */ = {
			isa = PBXNativeTarget;
			buildConfigurationList = 20CE9BBD2283F7C4007E8E39 /* Build configuration list for PBXNativeTarget "Tutorial02UITests" */;
			buildPhases = (
				20CE9BAA2283F7C4007E8E39 /* Sources */,
				20CE9BAB2283F7C4007E8E39 /* Frameworks */,
				20CE9BAC2283F7C4007E8E39 /* Resources */,
			);
			buildRules = (
			);
			dependencies = (
				20CE9BB02283F7C4007E8E39 /* PBXTargetDependency */,
			);
			name = Tutorial02UITests;
			productName = Tutorial02UITests;
			productReference = 20CE9BAE2283F7C4007E8E39 /* Tutorial02UITests.xctest */;
			productType = "com.apple.product-type.bundle.ui-testing";
		};
/* End PBXNativeTarget section */

/* Begin PBXProject section */
		20CE9B832283F7C3007E8E39 /* Project object */ = {
			isa = PBXProject;
			attributes = {
				LastUpgradeCheck = 1010;
				ORGANIZATIONNAME = heyonly;
				TargetAttributes = {
					20CE9B8A2283F7C3007E8E39 = {
						CreatedOnToolsVersion = 10.1;
					};
					20CE9BA22283F7C4007E8E39 = {
						CreatedOnToolsVersion = 10.1;
						TestTargetID = 20CE9B8A2283F7C3007E8E39;
					};
					20CE9BAD2283F7C4007E8E39 = {
						CreatedOnToolsVersion = 10.1;
						TestTargetID = 20CE9B8A2283F7C3007E8E39;
					};
				};
			};
			buildConfigurationList = 20CE9B862283F7C3007E8E39 /* Build configuration list for PBXProject "Tutorial02" */;
			compatibilityVersion = "Xcode 9.3";
			developmentRegion = en;
			hasScannedForEncodings = 0;
			knownRegions = (
				en,
				Base,
			);
			mainGroup = 20CE9B822283F7C3007E8E39;
			productRefGroup = 20CE9B8C2283F7C3007E8E39 /* Products */;
			projectDirPath = "";
			projectRoot = "";
			targets = (
				20CE9B8A2283F7C3007E8E39 /* Tutorial02 */,
				20CE9BA22283F7C4007E8E39 /* Tutorial02Tests */,
				20CE9BAD2283F7C4007E8E39 /* Tutorial02UITests */,
			);
		};
/* End PBXProject section */

/* Begin PBXResourcesBuildPhase section */
		20CE9B892283F7C3007E8E39 /* Resources */ = {
			isa = PBXResourcesBuildPhase;
			buildActionMask = 2147483647;
			files = (
				20CE9B9B2283F7C4007E8E39 /* LaunchScreen.storyboard in Resources */,
				20CE9BE822840AEC007E8E39 /* sintel.mov in Resources */,
				20CE9B982283F7C4007E8E39 /* Assets.xcassets in Resources */,
				20CE9B962283F7C3007E8E39 /* Main.storyboard in Resources */,
			);
			runOnlyForDeploymentPostprocessing = 0;
		};
		20CE9BA12283F7C4007E8E39 /* Resources */ = {
			isa = PBXResourcesBuildPhase;
			buildActionMask = 2147483647;
			files = (
			);
			runOnlyForDeploymentPostprocessing = 0;
		};
		20CE9BAC2283F7C4007E8E39 /* Resources */ = {
			isa = PBXResourcesBuildPhase;
			buildActionMask = 2147483647;
			files = (
			);
			runOnlyForDeploymentPostprocessing = 0;
		};
/* End PBXResourcesBuildPhase section */

/* Begin PBXSourcesBuildPhase section */
		20CE9B872283F7C3007E8E39 /* Sources */ = {
			isa = PBXSourcesBuildPhase;
			buildActionMask = 2147483647;
			files = (
				20CE9B932283F7C3007E8E39 /* ViewController.m in Sources */,
				20CE9B9E2283F7C4007E8E39 /* main.m in Sources */,
				20CE9B902283F7C3007E8E39 /* AppDelegate.m in Sources */,
			);
			runOnlyForDeploymentPostprocessing = 0;
		};
		20CE9B9F2283F7C4007E8E39 /* Sources */ = {
			isa = PBXSourcesBuildPhase;
			buildActionMask = 2147483647;
			files = (
				20CE9BA82283F7C4007E8E39 /* Tutorial02Tests.m in Sources */,
			);
			runOnlyForDeploymentPostprocessing = 0;
		};
		20CE9BAA2283F7C4007E8E39 /* Sources */ = {
			isa = PBXSourcesBuildPhase;
			buildActionMask = 2147483647;
			files = (
				20CE9BB32283F7C4007E8E39 /* Tutorial02UITests.m in Sources */,
			);
			runOnlyForDeploymentPostprocessing = 0;
		};
/* End PBXSourcesBuildPhase section */

/* Begin PBXTargetDependency section */
		20CE9BA52283F7C4007E8E39 /* PBXTargetDependency */ = {
			isa = PBXTargetDependency;
			target = 20CE9B8A2283F7C3007E8E39 /* Tutorial02 */;
			targetProxy = 20CE9BA42283F7C4007E8E39 /* PBXContainerItemProxy */;
		};
		20CE9BB02283F7C4007E8E39 /* PBXTargetDependency */ = {
			isa = PBXTargetDependency;
			target = 20CE9B8A2283F7C3007E8E39 /* Tutorial02 */;
			targetProxy = 20CE9BAF2283F7C4007E8E39 /* PBXContainerItemProxy */;
		};
/* End PBXTargetDependency section */

/* Begin PBXVariantGroup section */
		20CE9B942283F7C3007E8E39 /* Main.storyboard */ = {
			isa = PBXVariantGroup;
			children = (
				20CE9B952283F7C3007E8E39 /* Base */,
			);
			name = Main.storyboard;
			sourceTree = "<group>";
		};
		20CE9B992283F7C4007E8E39 /* LaunchScreen.storyboard */ = {
			isa = PBXVariantGroup;
			children = (
				20CE9B9A2283F7C4007E8E39 /* Base */,
			);
			name = LaunchScreen.storyboard;
			sourceTree = "<group>";
		};
/* End PBXVariantGroup section */

/* Begin XCBuildConfiguration section */
		20CE9BB52283F7C4007E8E39 /* Debug */ = {
			isa = XCBuildConfiguration;
			buildSettings = {
				ALWAYS_SEARCH_USER_PATHS = NO;
				CLANG_ANALYZER_NONNULL = YES;
				CLANG_ANALYZER_NUMBER_OBJECT_CONVERSION = YES_AGGRESSIVE;
				CLANG_CXX_LANGUAGE_STANDARD = "gnu++14";
				CLANG_CXX_LIBRARY = "libc++";
				CLANG_ENABLE_MODULES = YES;
				CLANG_ENABLE_OBJC_ARC = YES;
				CLANG_ENABLE_OBJC_WEAK = YES;
				CLANG_WARN_BLOCK_CAPTURE_AUTORELEASING = YES;
				CLANG_WARN_BOOL_CONVERSION = YES;
				CLANG_WARN_COMMA = YES;
				CLANG_WARN_CONSTANT_CONVERSION = YES;
				CLANG_WARN_DEPRECATED_OBJC_IMPLEMENTATIONS = YES;
				CLANG_WARN_DIRECT_OBJC_ISA_USAGE = YES_ERROR;
				CLANG_WARN_DOCUMENTATION_COMMENTS = YES;
				CLANG_WARN_EMPTY_BODY = YES;
				CLANG_WARN_ENUM_CONVERSION = YES;
				CLANG_WARN_INFINITE_RECURSION = YES;
				CLANG_WARN_INT_CONVERSION = YES;
				CLANG_WARN_NON_LITERAL_NULL_CONVERSION = YES;
				CLANG_WARN_OBJC_IMPLICIT_RETAIN_SELF = YES;
				CLANG_WARN_OBJC_LITERAL_CONVERSION = YES;
				CLANG_WARN_OBJC_ROOT_CLASS = YES_ERROR;
				CLANG_WARN_RANGE_LOOP_ANALYSIS = YES;
				CLANG_WARN_STRICT_PROTOTYPES = YES;
				CLANG_WARN_SUSPICIOUS_MOVE = YES;
				CLANG_WARN_UNGUARDED_AVAILABILITY = YES_AGGRESSIVE;
				CLANG_WARN_UNREACHABLE_CODE = YES;
				CLANG_WARN__DUPLICATE_METHOD_MATCH = YES;
				CODE_SIGN_IDENTITY = "iPhone Developer";
				COPY_PHASE_STRIP = NO;
				DEBUG_INFORMATION_FORMAT = dwarf;
				ENABLE_STRICT_OBJC_MSGSEND = YES;
				ENABLE_TESTABILITY = YES;
				GCC_C_LANGUAGE_STANDARD = gnu11;
				GCC_DYNAMIC_NO_PIC = NO;
				GCC_NO_COMMON_BLOCKS = YES;
				GCC_OPTIMIZATION_LEVEL = 0;
				GCC_PREPROCESSOR_DEFINITIONS = (
					"DEBUG=1",
					"$(inherited)",
				);
				GCC_WARN_64_TO_32_BIT_CONVERSION = YES;
				GCC_WARN_ABOUT_RETURN_TYPE = YES_ERROR;
				GCC_WARN_UNDECLARED_SELECTOR = YES;
				GCC_WARN_UNINITIALIZED_AUTOS = YES_AGGRESSIVE;
				GCC_WARN_UNUSED_FUNCTION = YES;
				GCC_WARN_UNUSED_VARIABLE = YES;
				HEADER_SEARCH_PATHS = "$(SRCROOT)/../../../FFmpeg-iOS/include";
				IPHONEOS_DEPLOYMENT_TARGET = 12.1;
				LIBRARY_SEARCH_PATHS = "$(SRCROOT)/../../../FFmpeg-iOS/lib";
				MTL_ENABLE_DEBUG_INFO = INCLUDE_SOURCE;
				MTL_FAST_MATH = YES;
				ONLY_ACTIVE_ARCH = YES;
				SDKROOT = iphoneos;
			};
			name = Debug;
		};
		20CE9BB62283F7C4007E8E39 /* Release */ = {
			isa = XCBuildConfiguration;
			buildSettings = {
				ALWAYS_SEARCH_USER_PATHS = NO;
				CLANG_ANALYZER_NONNULL = YES;
				CLANG_ANALYZER_NUMBER_OBJECT_CONVERSION = YES_AGGRESSIVE;
				CLANG_CXX_LANGUAGE_STANDARD = "gnu++14";
				CLANG_CXX_LIBRARY = "libc++";
				CLANG_ENABLE_MODULES = YES;
				CLANG_ENABLE_OBJC_ARC = YES;
				CLANG_ENABLE_OBJC_WEAK = YES;
				CLANG_WARN_BLOCK_CAPTURE_AUTORELEASING = YES;
				CLANG_WARN_BOOL_CONVERSION = YES;
				CLANG_WARN_COMMA = YES;
				CLANG_WARN_CONSTANT_CONVERSION = YES;
				CLANG_WARN_DEPRECATED_OBJC_IMPLEMENTATIONS = YES;
				CLANG_WARN_DIRECT_OBJC_ISA_USAGE = YES_ERROR;
				CLANG_WARN_DOCUMENTATION_COMMENTS = YES;
				CLANG_WARN_EMPTY_BODY = YES;
				CLANG_WARN_ENUM_CONVERSION = YES;
				CLANG_WARN_INFINITE_RECURSION = YES;
				CLANG_WARN_INT_CONVERSION = YES;
				CLANG_WARN_NON_LITERAL_NULL_CONVERSION = YES;
				CLANG_WARN_OBJC_IMPLICIT_RETAIN_SELF = YES;
				CLANG_WARN_OBJC_LITERAL_CONVERSION = YES;
				CLANG_WARN_OBJC_ROOT_CLASS = YES_ERROR;
				CLANG_WARN_RANGE_LOOP_ANALYSIS = YES;
				CLANG_WARN_STRICT_PROTOTYPES = YES;
				CLANG_WARN_SUSPICIOUS_MOVE = YES;
				CLANG_WARN_UNGUARDED_AVAILABILITY = YES_AGGRESSIVE;
				CLANG_WARN_UNREACHABLE_CODE = YES;
				CLANG_WARN__DUPLICATE_METHOD_MATCH = YES;
				CODE_SIGN_IDENTITY = "iPhone Developer";
				COPY_PHASE_STRIP = NO;
				DEBUG_INFORMATION_FORMAT = "dwarf-with-dsym";
				ENABLE_NS_ASSERTIONS = NO;
				ENABLE_STRICT_OBJC_MSGSEND = YES;
				GCC_C_LANGUAGE_STANDARD = gnu11;
				GCC_NO_COMMON_BLOCKS = YES;
				GCC_WARN_64_TO_32_BIT_CONVERSION = YES;
				GCC_WARN_ABOUT_RETURN_TYPE = YES_ERROR;
				GCC_WARN_UNDECLARED_SELECTOR = YES;
				GCC_WARN_UNINITIALIZED_AUTOS = YES_AGGRESSIVE;
				GCC_WARN_UNUSED_FUNCTION = YES;
				GCC_WARN_UNUSED_VARIABLE = YES;
				HEADER_SEARCH_PATHS = "$(SRCROOT)/../../../FFmpeg-iOS/include";
				IPHONEOS_DEPLOYMENT_TARGET = 12.1;
				LIBRARY_SEARCH_PATHS = "$(SRCROOT)/../../../FFmpeg-iOS/lib";
				MTL_ENABLE_DEBUG_INFO = NO;
				MTL_FAST_MATH = YES;
				SDKROOT = iphoneos;
				VALIDATE_PRODUCT = YES;
			};
			name = Release;
		};
		20CE9BB82283F7C4007E8E39 /* Debug */ = {
			isa = XCBuildConfiguration;
			buildSettings = {
				ASSETCATALOG_COMPILER_APPICON_NAME = AppIcon;
				CODE_SIGN_STYLE = Automatic;
				DEVELOPMENT_TEAM = 56MY3ZN5V7;
				INFOPLIST_FILE = Tutorial02/Info.plist;
				LD_RUNPATH_SEARCH_PATHS = (
					"$(inherited)",
					"@executable_path/Frameworks",
				);
				PRODUCT_BUNDLE_IDENTIFIER = com.uusafe.Tutorial02;
				PRODUCT_NAME = "$(TARGET_NAME)";
				TARGETED_DEVICE_FAMILY = "1,2";
			};
			name = Debug;
		};
		20CE9BB92283F7C4007E8E39 /* Release */ = {
			isa = XCBuildConfiguration;
			buildSettings = {
				ASSETCATALOG_COMPILER_APPICON_NAME = AppIcon;
				CODE_SIGN_STYLE = Automatic;
				DEVELOPMENT_TEAM = 56MY3ZN5V7;
				INFOPLIST_FILE = Tutorial02/Info.plist;
				LD_RUNPATH_SEARCH_PATHS = (
					"$(inherited)",
					"@executable_path/Frameworks",
				);
				PRODUCT_BUNDLE_IDENTIFIER = com.uusafe.Tutorial02;
				PRODUCT_NAME = "$(TARGET_NAME)";
				TARGETED_DEVICE_FAMILY = "1,2";
			};
			name = Release;
		};
		20CE9BBB2283F7C4007E8E39 /* Debug */ = {
			isa = XCBuildConfiguration;
			buildSettings = {
				BUNDLE_LOADER = "$(TEST_HOST)";
				CODE_SIGN_STYLE = Automatic;
				DEVELOPMENT_TEAM = 56MY3ZN5V7;
				INFOPLIST_FILE = Tutorial02Tests/Info.plist;
				LD_RUNPATH_SEARCH_PATHS = (
					"$(inherited)",
					"@executable_path/Frameworks",
					"@loader_path/Frameworks",
				);
				PRODUCT_BUNDLE_IDENTIFIER = com.uusafe.Tutorial02Tests;
				PRODUCT_NAME = "$(TARGET_NAME)";
				TARGETED_DEVICE_FAMILY = "1,2";
				TEST_HOST = "$(BUILT_PRODUCTS_DIR)/Tutorial02.app/Tutorial02";
			};
			name = Debug;
		};
		20CE9BBC2283F7C4007E8E39 /* Release */ = {
			isa = XCBuildConfiguration;
			buildSettings = {
				BUNDLE_LOADER = "$(TEST_HOST)";
				CODE_SIGN_STYLE = Automatic;
				DEVELOPMENT_TEAM = 56MY3ZN5V7;
				INFOPLIST_FILE = Tutorial02Tests/Info.plist;
				LD_RUNPATH_SEARCH_PATHS = (
					"$(inherited)",
					"@executable_path/Frameworks",
					"@loader_path/Frameworks",
				);
				PRODUCT_BUNDLE_IDENTIFIER = com.uusafe.Tutorial02Tests;
				PRODUCT_NAME = "$(TARGET_NAME)";
				TARGETED_DEVICE_FAMILY = "1,2";
				TEST_HOST = "$(BUILT_PRODUCTS_DIR)/Tutorial02.app/Tutorial02";
			};
			name = Release;
		};
		20CE9BBE2283F7C4007E8E39 /* Debug */ = {
			isa = XCBuildConfiguration;
			buildSettings = {
				CODE_SIGN_STYLE = Automatic;
				DEVELOPMENT_TEAM = 56MY3ZN5V7;
				INFOPLIST_FILE = Tutorial02UITests/Info.plist;
				LD_RUNPATH_SEARCH_PATHS = (
					"$(inherited)",
					"@executable_path/Frameworks",
					"@loader_path/Frameworks",
				);
				PRODUCT_BUNDLE_IDENTIFIER = com.uusafe.Tutorial02UITests;
				PRODUCT_NAME = "$(TARGET_NAME)";
				TARGETED_DEVICE_FAMILY = "1,2";
				TEST_TARGET_NAME = Tutorial02;
			};
			name = Debug;
		};
		20CE9BBF2283F7C4007E8E39 /* Release */ = {
			isa = XCBuildConfiguration;
			buildSettings = {
				CODE_SIGN_STYLE = Automatic;
				DEVELOPMENT_TEAM = 56MY3ZN5V7;
				INFOPLIST_FILE = Tutorial02UITests/Info.plist;
				LD_RUNPATH_SEARCH_PATHS = (
					"$(inherited)",
					"@executable_path/Frameworks",
					"@loader_path/Frameworks",
				);
				PRODUCT_BUNDLE_IDENTIFIER = com.uusafe.Tutorial02UITests;
				PRODUCT_NAME = "$(TARGET_NAME)";
				TARGETED_DEVICE_FAMILY = "1,2";
				TEST_TARGET_NAME = Tutorial02;
			};
			name = Release;
		};
/* End XCBuildConfiguration section */

/* Begin XCConfigurationList section */
		20CE9B862283F7C3007E8E39 /* Build configuration list for PBXProject "Tutorial02" */ = {
			isa = XCConfigurationList;
			buildConfigurations = (
				20CE9BB52283F7C4007E8E39 /* Debug */,
				20CE9BB62283F7C4007E8E39 /* Release */,
			);
			defaultConfigurationIsVisible = 0;
			defaultConfigurationName = Release;
		};
		20CE9BB72283F7C4007E8E39 /* Build configuration list for PBXNativeTarget "Tutorial02" */ = {
			isa = XCConfigurationList;
			buildConfigurations = (
				20CE9BB82283F7C4007E8E39 /* Debug */,
				20CE9BB92283F7C4007E8E39 /* Release */,
			);
			defaultConfigurationIsVisible = 0;
			defaultConfigurationName = Release;
		};
		20CE9BBA2283F7C4007E8E39 /* Build configuration list for PBXNativeTarget "Tutorial02Tests" */ = {
			isa = XCConfigurationList;
			buildConfigurations = (
				20CE9BBB2283F7C4007E8E39 /* Debug */,
				20CE9BBC2283F7C4007E8E39 /* Release */,
			);
			defaultConfigurationIsVisible = 0;
			defaultConfigurationName = Release;
		};
		20CE9BBD2283F7C4007E8E39 /* Build configuration list for PBXNativeTarget "Tutorial02UITests" */ = {
			isa = XCConfigurationList;
			buildConfigurations = (
				20CE9BBE2283F7C4007E8E39 /* Debug */,
				20CE9BBF2283F7C4007E8E39 /* Release */,
			);
			defaultConfigurationIsVisible = 0;
			defaultConfigurationName = Release;
		};
/* End XCConfigurationList section */
	};
	rootObject = 20CE9B832283F7C3007E8E39 /* Project object */;
}
